memo = "b212a6a8c27907cd0037f4dbb91c0eebba0e77cb8113f8ae34bef3be5fd7c6a8"

[[projects]]
  name = "github.com/Sirupsen/logrus"
  packages = ["."]
  revision = "ba1b36c82c5e05c4f912a88eab0dcd91a171688f"
  version = "v0.11.5"

[[projects]]
  name = "github.com/gorilla/websocket"
  packages = ["."]
  revision = "3ab3a8b8831546bd18fd182c20687ca853b2bb13"
  version = "v1.1.0"

[[projects]]
  branch = "master"
  name = "golang.org/x/sys"
  packages = ["unix"]
  revision = "9ccfe848b9db8435a24c424abbc07a921adf1df5"

[[projects]]
  branch = "v2"
  name = "gopkg.in/yaml.v2"
  packages = ["."]
  revision = "cd8b52f8269e0feb286dfeef29f8fe4d5b397e0b"
